
Microsoft Visual Studio Solution File, Format Version 12.00
# Visual Studio Version 17
VisualStudioVersion = 17.0.31903.59
MinimumVisualStudioVersion = 10.0.40219.1
Project("{2150E333-8FDC-42A3-9474-1A3956D46DE8}") = "src", "src", "{827E0CD3-B72D-47B6-A68D-7590B98EB39B}"
EndProject
Project("{2150E333-8FDC-42A3-9474-1A3956D46DE8}") = "Shared", "Shared", "{C8E42992-5E42-0C2B-DBFE-AA848D06431C}"
EndProject
Project("{FAE04EC0-301F-11D3-BF4B-00C04F79EFBC}") = "Shared.BuildingBlocks", "src\Shared\Shared.BuildingBlocks\Shared.BuildingBlocks.csproj", "{DE2A30FF-2DC4-4FF9-9417-9B56F1F3E22C}"
EndProject
Project("{FAE04EC0-301F-11D3-BF4B-00C04F79EFBC}") = "Shared.Contracts", "src\Shared\Shared.Contracts\Shared.Contracts.csproj", "{160C389A-4E0F-4B66-9BE6-E77F68E26A4B}"
EndProject
Project("{2150E333-8FDC-42A3-9474-1A3956D46DE8}") = "Gateway", "Gateway", "{6306A8FB-679E-111F-6585-8F70E0EE6013}"
EndProject
Project("{FAE04EC0-301F-11D3-BF4B-00C04F79EFBC}") = "Gateway.API", "src\Gateway\Gateway.API\Gateway.API.csproj", "{9FA71776-F02E-459A-8D72-EA5147C47CCE}"
EndProject
Project("{2150E333-8FDC-42A3-9474-1A3956D46DE8}") = "Services", "Services", "{984BB9B3-3FA3-BE33-9484-CAC21695A33C}"
EndProject
Project("{2150E333-8FDC-42A3-9474-1A3956D46DE8}") = "Identity", "Identity", "{1BFC9479-12BF-35C3-06B8-42D89D95092B}"
EndProject
Project("{FAE04EC0-301F-11D3-BF4B-00C04F79EFBC}") = "Identity.Domain", "src\Services\Identity\Identity.Domain\Identity.Domain.csproj", "{6CEBFABA-7BC5-4D78-8F18-E110E490C305}"
EndProject
Project("{FAE04EC0-301F-11D3-BF4B-00C04F79EFBC}") = "Identity.Application", "src\Services\Identity\Identity.Application\Identity.Application.csproj", "{93357EAB-D653-4E8C-87B7-ACBEB2083A00}"
EndProject
Project("{FAE04EC0-301F-11D3-BF4B-00C04F79EFBC}") = "Identity.Infrastructure", "src\Services\Identity\Identity.Infrastructure\Identity.Infrastructure.csproj", "{2B29AAA8-D8F1-4551-8D72-FB832A65CE43}"
EndProject
Project("{FAE04EC0-301F-11D3-BF4B-00C04F79EFBC}") = "Identity.API", "src\Services\Identity\Identity.API\Identity.API.csproj", "{C56B22FE-5967-4B29-88F9-18C903843BF7}"
EndProject
Project("{2150E333-8FDC-42A3-9474-1A3956D46DE8}") = "VideoManagement", "VideoManagement", "{220A36DB-0241-451F-214F-E569CFE5EBFB}"
EndProject
Project("{FAE04EC0-301F-11D3-BF4B-00C04F79EFBC}") = "VideoManagement.Domain", "src\Services\VideoManagement\VideoManagement.Domain\VideoManagement.Domain.csproj", "{D3D783E2-B3FA-4ADE-B281-5AB30DD42BE4}"
EndProject
Project("{FAE04EC0-301F-11D3-BF4B-00C04F79EFBC}") = "VideoManagement.Application", "src\Services\VideoManagement\VideoManagement.Application\VideoManagement.Application.csproj", "{FAD9B640-DAF5-4C92-97DC-C1D6E76ECAC1}"
EndProject
Project("{FAE04EC0-301F-11D3-BF4B-00C04F79EFBC}") = "VideoManagement.Infrastructure", "src\Services\VideoManagement\VideoManagement.Infrastructure\VideoManagement.Infrastructure.csproj", "{07D0D96A-DEA9-4DA0-A5FC-A4659A7D8B54}"
EndProject
Project("{FAE04EC0-301F-11D3-BF4B-00C04F79EFBC}") = "VideoManagement.API", "src\Services\VideoManagement\VideoManagement.API\VideoManagement.API.csproj", "{E0145C3B-C05B-487A-A8B9-7AA503601A28}"
EndProject
Project("{2150E333-8FDC-42A3-9474-1A3956D46DE8}") = "Transcoding", "Transcoding", "{21915E04-A8E4-FF6D-4912-6310767301B1}"
EndProject
Project("{FAE04EC0-301F-11D3-BF4B-00C04F79EFBC}") = "Transcoding.Domain", "src\Services\Transcoding\Transcoding.Domain\Transcoding.Domain.csproj", "{161B697C-2010-4EF8-91E1-1423BCBF4691}"
EndProject
Project("{FAE04EC0-301F-11D3-BF4B-00C04F79EFBC}") = "Transcoding.Application", "src\Services\Transcoding\Transcoding.Application\Transcoding.Application.csproj", "{C3E87DF9-2BDB-497F-B1DA-43D389629835}"
EndProject
Project("{FAE04EC0-301F-11D3-BF4B-00C04F79EFBC}") = "Transcoding.Infrastructure", "src\Services\Transcoding\Transcoding.Infrastructure\Transcoding.Infrastructure.csproj", "{D63350DE-2841-4EEA-813A-AFCFBF264C36}"
EndProject
Project("{FAE04EC0-301F-11D3-BF4B-00C04F79EFBC}") = "Transcoding.Worker", "src\Services\Transcoding\Transcoding.Worker\Transcoding.Worker.csproj", "{EB2EB6BF-FA94-45FA-973F-F44B364A8723}"
EndProject
Project("{2150E333-8FDC-42A3-9474-1A3956D46DE8}") = "Streaming", "Streaming", "{834B1A13-1502-6299-750F-2E7C13F7BE68}"
EndProject
Project("{FAE04EC0-301F-11D3-BF4B-00C04F79EFBC}") = "Streaming.API", "src\Services\Streaming\Streaming.API\Streaming.API.csproj", "{0C61CA38-39E8-484F-B7B2-4E99A021E5AE}"
EndProject
Project("{2150E333-8FDC-42A3-9474-1A3956D46DE8}") = "tests", "tests", "{0AB3BF05-4346-4AA6-1389-037BE0695223}"
EndProject
Project("{2150E333-8FDC-42A3-9474-1A3956D46DE8}") = "Services", "Services", "{4353066B-F410-E540-F593-55E469B78A5F}"
EndProject
Project("{2150E333-8FDC-42A3-9474-1A3956D46DE8}") = "Identity", "Identity", "{66BB64B5-78AA-A264-1B79-3FC42D2485EB}"
EndProject
Project("{FAE04EC0-301F-11D3-BF4B-00C04F79EFBC}") = "Identity.UnitTests", "tests\Services\Identity\Identity.UnitTests\Identity.UnitTests.csproj", "{08A54282-0298-4501-B0E4-9DBF4D1B5414}"
EndProject
Project("{2150E333-8FDC-42A3-9474-1A3956D46DE8}") = "VideoManagement", "VideoManagement", "{F8DC1AF5-FC4C-6358-9BAD-D286438E8E81}"
EndProject
Project("{FAE04EC0-301F-11D3-BF4B-00C04F79EFBC}") = "VideoManagement.UnitTests", "tests\Services\VideoManagement\VideoManagement.UnitTests\VideoManagement.UnitTests.csproj", "{D4F51517-FB13-4C17-BED5-AA8133DDCDB3}"
EndProject
Project("{2150E333-8FDC-42A3-9474-1A3956D46DE8}") = "Transcoding", "Transcoding", "{34B63A2B-95F5-FF17-5D1D-F46552E1DB20}"
EndProject
Project("{FAE04EC0-301F-11D3-BF4B-00C04F79EFBC}") = "Transcoding.UnitTests", "tests\Services\Transcoding\Transcoding.UnitTests\Transcoding.UnitTests.csproj", "{819599D5-2698-4BA9-9D21-13F67B1982B3}"
EndProject
Project("{2150E333-8FDC-42A3-9474-1A3956D46DE8}") = "Streaming", "Streaming", "{150BB309-D39B-8047-DB26-0D18531A3B6F}"
EndProject
Project("{FAE04EC0-301F-11D3-BF4B-00C04F79EFBC}") = "Streaming.UnitTests", "tests\Services\Streaming\Streaming.UnitTests\Streaming.UnitTests.csproj", "{6E6658E7-BED7-4385-A487-9C38E3287705}"
EndProject
Global
	GlobalSection(SolutionConfigurationPlatforms) = preSolution
		Debug|Any CPU = Debug|Any CPU
		Debug|x64 = Debug|x64
		Debug|x86 = Debug|x86
		Release|Any CPU = Release|Any CPU
		Release|x64 = Release|x64
		Release|x86 = Release|x86
	EndGlobalSection
	GlobalSection(ProjectConfigurationPlatforms) = postSolution
		{DE2A30FF-2DC4-4FF9-9417-9B56F1F3E22C}.Debug|Any CPU.ActiveCfg = Debug|Any CPU
		{DE2A30FF-2DC4-4FF9-9417-9B56F1F3E22C}.Debug|Any CPU.Build.0 = Debug|Any CPU
		{DE2A30FF-2DC4-4FF9-9417-9B56F1F3E22C}.Debug|x64.ActiveCfg = Debug|Any CPU
		{DE2A30FF-2DC4-4FF9-9417-9B56F1F3E22C}.Debug|x64.Build.0 = Debug|Any CPU
		{DE2A30FF-2DC4-4FF9-9417-9B56F1F3E22C}.Debug|x86.ActiveCfg = Debug|Any CPU
		{DE2A30FF-2DC4-4FF9-9417-9B56F1F3E22C}.Debug|x86.Build.0 = Debug|Any CPU
		{DE2A30FF-2DC4-4FF9-9417-9B56F1F3E22C}.Release|Any CPU.ActiveCfg = Release|Any CPU
		{DE2A30FF-2DC4-4FF9-9417-9B56F1F3E22C}.Release|Any CPU.Build.0 = Release|Any CPU
		{DE2A30FF-2DC4-4FF9-9417-9B56F1F3E22C}.Release|x64.ActiveCfg = Release|Any CPU
		{DE2A30FF-2DC4-4FF9-9417-9B56F1F3E22C}.Release|x64.Build.0 = Release|Any CPU
		{DE2A30FF-2DC4-4FF9-9417-9B56F1F3E22C}.Release|x86.ActiveCfg = Release|Any CPU
		{DE2A30FF-2DC4-4FF9-9417-9B56F1F3E22C}.Release|x86.Build.0 = Release|Any CPU
		{160C389A-4E0F-4B66-9BE6-E77F68E26A4B}.Debug|Any CPU.ActiveCfg = Debug|Any CPU
		{160C389A-4E0F-4B66-9BE6-E77F68E26A4B}.Debug|Any CPU.Build.0 = Debug|Any CPU
		{160C389A-4E0F-4B66-9BE6-E77F68E26A4B}.Debug|x64.ActiveCfg = Debug|Any CPU
		{160C389A-4E0F-4B66-9BE6-E77F68E26A4B}.Debug|x64.Build.0 = Debug|Any CPU
		{160C389A-4E0F-4B66-9BE6-E77F68E26A4B}.Debug|x86.ActiveCfg = Debug|Any CPU
		{160C389A-4E0F-4B66-9BE6-E77F68E26A4B}.Debug|x86.Build.0 = Debug|Any CPU
		{160C389A-4E0F-4B66-9BE6-E77F68E26A4B}.Release|Any CPU.ActiveCfg = Release|Any CPU
		{160C389A-4E0F-4B66-9BE6-E77F68E26A4B}.Release|Any CPU.Build.0 = Release|Any CPU
		{160C389A-4E0F-4B66-9BE6-E77F68E26A4B}.Release|x64.ActiveCfg = Release|Any CPU
		{160C389A-4E0F-4B66-9BE6-E77F68E26A4B}.Release|x64.Build.0 = Release|Any CPU
		{160C389A-4E0F-4B66-9BE6-E77F68E26A4B}.Release|x86.ActiveCfg = Release|Any CPU
		{160C389A-4E0F-4B66-9BE6-E77F68E26A4B}.Release|x86.Build.0 = Release|Any CPU
		{9FA71776-F02E-459A-8D72-EA5147C47CCE}.Debug|Any CPU.ActiveCfg = Debug|Any CPU
		{9FA71776-F02E-459A-8D72-EA5147C47CCE}.Debug|Any CPU.Build.0 = Debug|Any CPU
		{9FA71776-F02E-459A-8D72-EA5147C47CCE}.Debug|x64.ActiveCfg = Debug|Any CPU
		{9FA71776-F02E-459A-8D72-EA5147C47CCE}.Debug|x64.Build.0 = Debug|Any CPU
		{9FA71776-F02E-459A-8D72-EA5147C47CCE}.Debug|x86.ActiveCfg = Debug|Any CPU
		{9FA71776-F02E-459A-8D72-EA5147C47CCE}.Debug|x86.Build.0 = Debug|Any CPU
		{9FA71776-F02E-459A-8D72-EA5147C47CCE}.Release|Any CPU.ActiveCfg = Release|Any CPU
		{9FA71776-F02E-459A-8D72-EA5147C47CCE}.Release|Any CPU.Build.0 = Release|Any CPU
		{9FA71776-F02E-459A-8D72-EA5147C47CCE}.Release|x64.ActiveCfg = Release|Any CPU
		{9FA71776-F02E-459A-8D72-EA5147C47CCE}.Release|x64.Build.0 = Release|Any CPU
		{9FA71776-F02E-459A-8D72-EA5147C47CCE}.Release|x86.ActiveCfg = Release|Any CPU
		{9FA71776-F02E-459A-8D72-EA5147C47CCE}.Release|x86.Build.0 = Release|Any CPU
		{6CEBFABA-7BC5-4D78-8F18-E110E490C305}.Debug|Any CPU.ActiveCfg = Debug|Any CPU
		{6CEBFABA-7BC5-4D78-8F18-E110E490C305}.Debug|Any CPU.Build.0 = Debug|Any CPU
		{6CEBFABA-7BC5-4D78-8F18-E110E490C305}.Debug|x64.ActiveCfg = Debug|Any CPU
		{6CEBFABA-7BC5-4D78-8F18-E110E490C305}.Debug|x64.Build.0 = Debug|Any CPU
		{6CEBFABA-7BC5-4D78-8F18-E110E490C305}.Debug|x86.ActiveCfg = Debug|Any CPU
		{6CEBFABA-7BC5-4D78-8F18-E110E490C305}.Debug|x86.Build.0 = Debug|Any CPU
		{6CEBFABA-7BC5-4D78-8F18-E110E490C305}.Release|Any CPU.ActiveCfg = Release|Any CPU
		{6CEBFABA-7BC5-4D78-8F18-E110E490C305}.Release|Any CPU.Build.0 = Release|Any CPU
		{6CEBFABA-7BC5-4D78-8F18-E110E490C305}.Release|x64.ActiveCfg = Release|Any CPU
		{6CEBFABA-7BC5-4D78-8F18-E110E490C305}.Release|x64.Build.0 = Release|Any CPU
		{6CEBFABA-7BC5-4D78-8F18-E110E490C305}.Release|x86.ActiveCfg = Release|Any CPU
		{6CEBFABA-7BC5-4D78-8F18-E110E490C305}.Release|x86.Build.0 = Release|Any CPU
		{93357EAB-D653-4E8C-87B7-ACBEB2083A00}.Debug|Any CPU.ActiveCfg = Debug|Any CPU
		{93357EAB-D653-4E8C-87B7-ACBEB2083A00}.Debug|Any CPU.Build.0 = Debug|Any CPU
		{93357EAB-D653-4E8C-87B7-ACBEB2083A00}.Debug|x64.ActiveCfg = Debug|Any CPU
		{93357EAB-D653-4E8C-87B7-ACBEB2083A00}.Debug|x64.Build.0 = Debug|Any CPU
		{93357EAB-D653-4E8C-87B7-ACBEB2083A00}.Debug|x86.ActiveCfg = Debug|Any CPU
		{93357EAB-D653-4E8C-87B7-ACBEB2083A00}.Debug|x86.Build.0 = Debug|Any CPU
		{93357EAB-D653-4E8C-87B7-ACBEB2083A00}.Release|Any CPU.ActiveCfg = Release|Any CPU
		{93357EAB-D653-4E8C-87B7-ACBEB2083A00}.Release|Any CPU.Build.0 = Release|Any CPU
		{93357EAB-D653-4E8C-87B7-ACBEB2083A00}.Release|x64.ActiveCfg = Release|Any CPU
		{93357EAB-D653-4E8C-87B7-ACBEB2083A00}.Release|x64.Build.0 = Release|Any CPU
		{93357EAB-D653-4E8C-87B7-ACBEB2083A00}.Release|x86.ActiveCfg = Release|Any CPU
		{93357EAB-D653-4E8C-87B7-ACBEB2083A00}.Release|x86.Build.0 = Release|Any CPU
		{2B29AAA8-D8F1-4551-8D72-FB832A65CE43}.Debug|Any CPU.ActiveCfg = Debug|Any CPU
		{2B29AAA8-D8F1-4551-8D72-FB832A65CE43}.Debug|Any CPU.Build.0 = Debug|Any CPU
		{2B29AAA8-D8F1-4551-8D72-FB832A65CE43}.Debug|x64.ActiveCfg = Debug|Any CPU
		{2B29AAA8-D8F1-4551-8D72-FB832A65CE43}.Debug|x64.Build.0 = Debug|Any CPU
		{2B29AAA8-D8F1-4551-8D72-FB832A65CE43}.Debug|x86.ActiveCfg = Debug|Any CPU
		{2B29AAA8-D8F1-4551-8D72-FB832A65CE43}.Debug|x86.Build.0 = Debug|Any CPU
		{2B29AAA8-D8F1-4551-8D72-FB832A65CE43}.Release|Any CPU.ActiveCfg = Release|Any CPU
		{2B29AAA8-D8F1-4551-8D72-FB832A65CE43}.Release|Any CPU.Build.0 = Release|Any CPU
		{2B29AAA8-D8F1-4551-8D72-FB832A65CE43}.Release|x64.ActiveCfg = Release|Any CPU
		{2B29AAA8-D8F1-4551-8D72-FB832A65CE43}.Release|x64.Build.0 = Release|Any CPU
		{2B29AAA8-D8F1-4551-8D72-FB832A65CE43}.Release|x86.ActiveCfg = Release|Any CPU
		{2B29AAA8-D8F1-4551-8D72-FB832A65CE43}.Release|x86.Build.0 = Release|Any CPU
		{C56B22FE-5967-4B29-88F9-18C903843BF7}.Debug|Any CPU.ActiveCfg = Debug|Any CPU
		{C56B22FE-5967-4B29-88F9-18C903843BF7}.Debug|Any CPU.Build.0 = Debug|Any CPU
		{C56B22FE-5967-4B29-88F9-18C903843BF7}.Debug|x64.ActiveCfg = Debug|Any CPU
		{C56B22FE-5967-4B29-88F9-18C903843BF7}.Debug|x64.Build.0 = Debug|Any CPU
		{C56B22FE-5967-4B29-88F9-18C903843BF7}.Debug|x86.ActiveCfg = Debug|Any CPU
		{C56B22FE-5967-4B29-88F9-18C903843BF7}.Debug|x86.Build.0 = Debug|Any CPU
		{C56B22FE-5967-4B29-88F9-18C903843BF7}.Release|Any CPU.ActiveCfg = Release|Any CPU
		{C56B22FE-5967-4B29-88F9-18C903843BF7}.Release|Any CPU.Build.0 = Release|Any CPU
		{C56B22FE-5967-4B29-88F9-18C903843BF7}.Release|x64.ActiveCfg = Release|Any CPU
		{C56B22FE-5967-4B29-88F9-18C903843BF7}.Release|x64.Build.0 = Release|Any CPU
		{C56B22FE-5967-4B29-88F9-18C903843BF7}.Release|x86.ActiveCfg = Release|Any CPU
		{C56B22FE-5967-4B29-88F9-18C903843BF7}.Release|x86.Build.0 = Release|Any CPU
		{D3D783E2-B3FA-4ADE-B281-5AB30DD42BE4}.Debug|Any CPU.ActiveCfg = Debug|Any CPU
		{D3D783E2-B3FA-4ADE-B281-5AB30DD42BE4}.Debug|Any CPU.Build.0 = Debug|Any CPU
		{D3D783E2-B3FA-4ADE-B281-5AB30DD42BE4}.Debug|x64.ActiveCfg = Debug|Any CPU
		{D3D783E2-B3FA-4ADE-B281-5AB30DD42BE4}.Debug|x64.Build.0 = Debug|Any CPU
		{D3D783E2-B3FA-4ADE-B281-5AB30DD42BE4}.Debug|x86.ActiveCfg = Debug|Any CPU
		{D3D783E2-B3FA-4ADE-B281-5AB30DD42BE4}.Debug|x86.Build.0 = Debug|Any CPU
		{D3D783E2-B3FA-4ADE-B281-5AB30DD42BE4}.Release|Any CPU.ActiveCfg = Release|Any CPU
		{D3D783E2-B3FA-4ADE-B281-5AB30DD42BE4}.Release|Any CPU.Build.0 = Release|Any CPU
		{D3D783E2-B3FA-4ADE-B281-5AB30DD42BE4}.Release|x64.ActiveCfg = Release|Any CPU
		{D3D783E2-B3FA-4ADE-B281-5AB30DD42BE4}.Release|x64.Build.0 = Release|Any CPU
		{D3D783E2-B3FA-4ADE-B281-5AB30DD42BE4}.Release|x86.ActiveCfg = Release|Any CPU
		{D3D783E2-B3FA-4ADE-B281-5AB30DD42BE4}.Release|x86.Build.0 = Release|Any CPU
		{FAD9B640-DAF5-4C92-97DC-C1D6E76ECAC1}.Debug|Any CPU.ActiveCfg = Debug|Any CPU
		{FAD9B640-DAF5-4C92-97DC-C1D6E76ECAC1}.Debug|Any CPU.Build.0 = Debug|Any CPU
		{FAD9B640-DAF5-4C92-97DC-C1D6E76ECAC1}.Debug|x64.ActiveCfg = Debug|Any CPU
		{FAD9B640-DAF5-4C92-97DC-C1D6E76ECAC1}.Debug|x64.Build.0 = Debug|Any CPU
		{FAD9B640-DAF5-4C92-97DC-C1D6E76ECAC1}.Debug|x86.ActiveCfg = Debug|Any CPU
		{FAD9B640-DAF5-4C92-97DC-C1D6E76ECAC1}.Debug|x86.Build.0 = Debug|Any CPU
		{FAD9B640-DAF5-4C92-97DC-C1D6E76ECAC1}.Release|Any CPU.ActiveCfg = Release|Any CPU
		{FAD9B640-DAF5-4C92-97DC-C1D6E76ECAC1}.Release|Any CPU.Build.0 = Release|Any CPU
		{FAD9B640-DAF5-4C92-97DC-C1D6E76ECAC1}.Release|x64.ActiveCfg = Release|Any CPU
		{FAD9B640-DAF5-4C92-97DC-C1D6E76ECAC1}.Release|x64.Build.0 = Release|Any CPU
		{FAD9B640-DAF5-4C92-97DC-C1D6E76ECAC1}.Release|x86.ActiveCfg = Release|Any CPU
		{FAD9B640-DAF5-4C92-97DC-C1D6E76ECAC1}.Release|x86.Build.0 = Release|Any CPU
		{07D0D96A-DEA9-4DA0-A5FC-A4659A7D8B54}.Debug|Any CPU.ActiveCfg = Debug|Any CPU
		{07D0D96A-DEA9-4DA0-A5FC-A4659A7D8B54}.Debug|Any CPU.Build.0 = Debug|Any CPU
		{07D0D96A-DEA9-4DA0-A5FC-A4659A7D8B54}.Debug|x64.ActiveCfg = Debug|Any CPU
		{07D0D96A-DEA9-4DA0-A5FC-A4659A7D8B54}.Debug|x64.Build.0 = Debug|Any CPU
		{07D0D96A-DEA9-4DA0-A5FC-A4659A7D8B54}.Debug|x86.ActiveCfg = Debug|Any CPU
		{07D0D96A-DEA9-4DA0-A5FC-A4659A7D8B54}.Debug|x86.Build.0 = Debug|Any CPU
		{07D0D96A-DEA9-4DA0-A5FC-A4659A7D8B54}.Release|Any CPU.ActiveCfg = Release|Any CPU
		{07D0D96A-DEA9-4DA0-A5FC-A4659A7D8B54}.Release|Any CPU.Build.0 = Release|Any CPU
		{07D0D96A-DEA9-4DA0-A5FC-A4659A7D8B54}.Release|x64.ActiveCfg = Release|Any CPU
		{07D0D96A-DEA9-4DA0-A5FC-A4659A7D8B54}.Release|x64.Build.0 = Release|Any CPU
		{07D0D96A-DEA9-4DA0-A5FC-A4659A7D8B54}.Release|x86.ActiveCfg = Release|Any CPU
		{07D0D96A-DEA9-4DA0-A5FC-A4659A7D8B54}.Release|x86.Build.0 = Release|Any CPU
		{E0145C3B-C05B-487A-A8B9-7AA503601A28}.Debug|Any CPU.ActiveCfg = Debug|Any CPU
		{E0145C3B-C05B-487A-A8B9-7AA503601A28}.Debug|Any CPU.Build.0 = Debug|Any CPU
		{E0145C3B-C05B-487A-A8B9-7AA503601A28}.Debug|x64.ActiveCfg = Debug|Any CPU
		{E0145C3B-C05B-487A-A8B9-7AA503601A28}.Debug|x64.Build.0 = Debug|Any CPU
		{E0145C3B-C05B-487A-A8B9-7AA503601A28}.Debug|x86.ActiveCfg = Debug|Any CPU
		{E0145C3B-C05B-487A-A8B9-7AA503601A28}.Debug|x86.Build.0 = Debug|Any CPU
		{E0145C3B-C05B-487A-A8B9-7AA503601A28}.Release|Any CPU.ActiveCfg = Release|Any CPU
		{E0145C3B-C05B-487A-A8B9-7AA503601A28}.Release|Any CPU.Build.0 = Release|Any CPU
		{E0145C3B-C05B-487A-A8B9-7AA503601A28}.Release|x64.ActiveCfg = Release|Any CPU
		{E0145C3B-C05B-487A-A8B9-7AA503601A28}.Release|x64.Build.0 = Release|Any CPU
		{E0145C3B-C05B-487A-A8B9-7AA503601A28}.Release|x86.ActiveCfg = Release|Any CPU
		{E0145C3B-C05B-487A-A8B9-7AA503601A28}.Release|x86.Build.0 = Release|Any CPU
		{161B697C-2010-4EF8-91E1-1423BCBF4691}.Debug|Any CPU.ActiveCfg = Debug|Any CPU
		{161B697C-2010-4EF8-91E1-1423BCBF4691}.Debug|Any CPU.Build.0 = Debug|Any CPU
		{161B697C-2010-4EF8-91E1-1423BCBF4691}.Debug|x64.ActiveCfg = Debug|Any CPU
		{161B697C-2010-4EF8-91E1-1423BCBF4691}.Debug|x64.Build.0 = Debug|Any CPU
		{161B697C-2010-4EF8-91E1-1423BCBF4691}.Debug|x86.ActiveCfg = Debug|Any CPU
		{161B697C-2010-4EF8-91E1-1423BCBF4691}.Debug|x86.Build.0 = Debug|Any CPU
		{161B697C-2010-4EF8-91E1-1423BCBF4691}.Release|Any CPU.ActiveCfg = Release|Any CPU
		{161B697C-2010-4EF8-91E1-1423BCBF4691}.Release|Any CPU.Build.0 = Release|Any CPU
		{161B697C-2010-4EF8-91E1-1423BCBF4691}.Release|x64.ActiveCfg = Release|Any CPU
		{161B697C-2010-4EF8-91E1-1423BCBF4691}.Release|x64.Build.0 = Release|Any CPU
		{161B697C-2010-4EF8-91E1-1423BCBF4691}.Release|x86.ActiveCfg = Release|Any CPU
		{161B697C-2010-4EF8-91E1-1423BCBF4691}.Release|x86.Build.0 = Release|Any CPU
		{C3E87DF9-2BDB-497F-B1DA-43D389629835}.Debug|Any CPU.ActiveCfg = Debug|Any CPU
		{C3E87DF9-2BDB-497F-B1DA-43D389629835}.Debug|Any CPU.Build.0 = Debug|Any CPU
		{C3E87DF9-2BDB-497F-B1DA-43D389629835}.Debug|x64.ActiveCfg = Debug|Any CPU
		{C3E87DF9-2BDB-497F-B1DA-43D389629835}.Debug|x64.Build.0 = Debug|Any CPU
		{C3E87DF9-2BDB-497F-B1DA-43D389629835}.Debug|x86.ActiveCfg = Debug|Any CPU
		{C3E87DF9-2BDB-497F-B1DA-43D389629835}.Debug|x86.Build.0 = Debug|Any CPU
		{C3E87DF9-2BDB-497F-B1DA-43D389629835}.Release|Any CPU.ActiveCfg = Release|Any CPU
		{C3E87DF9-2BDB-497F-B1DA-43D389629835}.Release|Any CPU.Build.0 = Release|Any CPU
		{C3E87DF9-2BDB-497F-B1DA-43D389629835}.Release|x64.ActiveCfg = Release|Any CPU
		{C3E87DF9-2BDB-497F-B1DA-43D389629835}.Release|x64.Build.0 = Release|Any CPU
		{C3E87DF9-2BDB-497F-B1DA-43D389629835}.Release|x86.ActiveCfg = Release|Any CPU
		{C3E87DF9-2BDB-497F-B1DA-43D389629835}.Release|x86.Build.0 = Release|Any CPU
		{D63350DE-2841-4EEA-813A-AFCFBF264C36}.Debug|Any CPU.ActiveCfg = Debug|Any CPU
		{D63350DE-2841-4EEA-813A-AFCFBF264C36}.Debug|Any CPU.Build.0 = Debug|Any CPU
		{D63350DE-2841-4EEA-813A-AFCFBF264C36}.Debug|x64.ActiveCfg = Debug|Any CPU
		{D63350DE-2841-4EEA-813A-AFCFBF264C36}.Debug|x64.Build.0 = Debug|Any CPU
		{D63350DE-2841-4EEA-813A-AFCFBF264C36}.Debug|x86.ActiveCfg = Debug|Any CPU
		{D63350DE-2841-4EEA-813A-AFCFBF264C36}.Debug|x86.Build.0 = Debug|Any CPU
		{D63350DE-2841-4EEA-813A-AFCFBF264C36}.Release|Any CPU.ActiveCfg = Release|Any CPU
		{D63350DE-2841-4EEA-813A-AFCFBF264C36}.Release|Any CPU.Build.0 = Release|Any CPU
		{D63350DE-2841-4EEA-813A-AFCFBF264C36}.Release|x64.ActiveCfg = Release|Any CPU
		{D63350DE-2841-4EEA-813A-AFCFBF264C36}.Release|x64.Build.0 = Release|Any CPU
		{D63350DE-2841-4EEA-813A-AFCFBF264C36}.Release|x86.ActiveCfg = Release|Any CPU
		{D63350DE-2841-4EEA-813A-AFCFBF264C36}.Release|x86.Build.0 = Release|Any CPU
		{EB2EB6BF-FA94-45FA-973F-F44B364A8723}.Debug|Any CPU.ActiveCfg = Debug|Any CPU
		{EB2EB6BF-FA94-45FA-973F-F44B364A8723}.Debug|Any CPU.Build.0 = Debug|Any CPU
		{EB2EB6BF-FA94-45FA-973F-F44B364A8723}.Debug|x64.ActiveCfg = Debug|Any CPU
		{EB2EB6BF-FA94-45FA-973F-F44B364A8723}.Debug|x64.Build.0 = Debug|Any CPU
		{EB2EB6BF-FA94-45FA-973F-F44B364A8723}.Debug|x86.ActiveCfg = Debug|Any CPU
		{EB2EB6BF-FA94-45FA-973F-F44B364A8723}.Debug|x86.Build.0 = Debug|Any CPU
		{EB2EB6BF-FA94-45FA-973F-F44B364A8723}.Release|Any CPU.ActiveCfg = Release|Any CPU
		{EB2EB6BF-FA94-45FA-973F-F44B364A8723}.Release|Any CPU.Build.0 = Release|Any CPU
		{EB2EB6BF-FA94-45FA-973F-F44B364A8723}.Release|x64.ActiveCfg = Release|Any CPU
		{EB2EB6BF-FA94-45FA-973F-F44B364A8723}.Release|x64.Build.0 = Release|Any CPU
		{EB2EB6BF-FA94-45FA-973F-F44B364A8723}.Release|x86.ActiveCfg = Release|Any CPU
		{EB2EB6BF-FA94-45FA-973F-F44B364A8723}.Release|x86.Build.0 = Release|Any CPU
		{0C61CA38-39E8-484F-B7B2-4E99A021E5AE}.Debug|Any CPU.ActiveCfg = Debug|Any CPU
		{0C61CA38-39E8-484F-B7B2-4E99A021E5AE}.Debug|Any CPU.Build.0 = Debug|Any CPU
		{0C61CA38-39E8-484F-B7B2-4E99A021E5AE}.Debug|x64.ActiveCfg = Debug|Any CPU
		{0C61CA38-39E8-484F-B7B2-4E99A021E5AE}.Debug|x64.Build.0 = Debug|Any CPU
		{0C61CA38-39E8-484F-B7B2-4E99A021E5AE}.Debug|x86.ActiveCfg = Debug|Any CPU
		{0C61CA38-39E8-484F-B7B2-4E99A021E5AE}.Debug|x86.Build.0 = Debug|Any CPU
		{0C61CA38-39E8-484F-B7B2-4E99A021E5AE}.Release|Any CPU.ActiveCfg = Release|Any CPU
		{0C61CA38-39E8-484F-B7B2-4E99A021E5AE}.Release|Any CPU.Build.0 = Release|Any CPU
		{0C61CA38-39E8-484F-B7B2-4E99A021E5AE}.Release|x64.ActiveCfg = Release|Any CPU
		{0C61CA38-39E8-484F-B7B2-4E99A021E5AE}.Release|x64.Build.0 = Release|Any CPU
		{0C61CA38-39E8-484F-B7B2-4E99A021E5AE}.Release|x86.ActiveCfg = Release|Any CPU
		{0C61CA38-39E8-484F-B7B2-4E99A021E5AE}.Release|x86.Build.0 = Release|Any CPU
		{08A54282-0298-4501-B0E4-9DBF4D1B5414}.Debug|Any CPU.ActiveCfg = Debug|Any CPU
		{08A54282-0298-4501-B0E4-9DBF4D1B5414}.Debug|Any CPU.Build.0 = Debug|Any CPU
		{08A54282-0298-4501-B0E4-9DBF4D1B5414}.Debug|x64.ActiveCfg = Debug|Any CPU
		{08A54282-0298-4501-B0E4-9DBF4D1B5414}.Debug|x64.Build.0 = Debug|Any CPU
		{08A54282-0298-4501-B0E4-9DBF4D1B5414}.Debug|x86.ActiveCfg = Debug|Any CPU
		{08A54282-0298-4501-B0E4-9DBF4D1B5414}.Debug|x86.Build.0 = Debug|Any CPU
		{08A54282-0298-4501-B0E4-9DBF4D1B5414}.Release|Any CPU.ActiveCfg = Release|Any CPU
		{08A54282-0298-4501-B0E4-9DBF4D1B5414}.Release|Any CPU.Build.0 = Release|Any CPU
		{08A54282-0298-4501-B0E4-9DBF4D1B5414}.Release|x64.ActiveCfg = Release|Any CPU
		{08A54282-0298-4501-B0E4-9DBF4D1B5414}.Release|x64.Build.0 = Release|Any CPU
		{08A54282-0298-4501-B0E4-9DBF4D1B5414}.Release|x86.ActiveCfg = Release|Any CPU
		{08A54282-0298-4501-B0E4-9DBF4D1B5414}.Release|x86.Build.0 = Release|Any CPU
		{D4F51517-FB13-4C17-BED5-AA8133DDCDB3}.Debug|Any CPU.ActiveCfg = Debug|Any CPU
		{D4F51517-FB13-4C17-BED5-AA8133DDCDB3}.Debug|Any CPU.Build.0 = Debug|Any CPU
		{D4F51517-FB13-4C17-BED5-AA8133DDCDB3}.Debug|x64.ActiveCfg = Debug|Any CPU
		{D4F51517-FB13-4C17-BED5-AA8133DDCDB3}.Debug|x64.Build.0 = Debug|Any CPU
		{D4F51517-FB13-4C17-BED5-AA8133DDCDB3}.Debug|x86.ActiveCfg = Debug|Any CPU
		{D4F51517-FB13-4C17-BED5-AA8133DDCDB3}.Debug|x86.Build.0 = Debug|Any CPU
		{D4F51517-FB13-4C17-BED5-AA8133DDCDB3}.Release|Any CPU.ActiveCfg = Release|Any CPU
		{D4F51517-FB13-4C17-BED5-AA8133DDCDB3}.Release|Any CPU.Build.0 = Release|Any CPU
		{D4F51517-FB13-4C17-BED5-AA8133DDCDB3}.Release|x64.ActiveCfg = Release|Any CPU
		{D4F51517-FB13-4C17-BED5-AA8133DDCDB3}.Release|x64.Build.0 = Release|Any CPU
		{D4F51517-FB13-4C17-BED5-AA8133DDCDB3}.Release|x86.ActiveCfg = Release|Any CPU
		{D4F51517-FB13-4C17-BED5-AA8133DDCDB3}.Release|x86.Build.0 = Release|Any CPU
		{819599D5-2698-4BA9-9D21-13F67B1982B3}.Debug|Any CPU.ActiveCfg = Debug|Any CPU
		{819599D5-2698-4BA9-9D21-13F67B1982B3}.Debug|Any CPU.Build.0 = Debug|Any CPU
		{819599D5-2698-4BA9-9D21-13F67B1982B3}.Debug|x64.ActiveCfg = Debug|Any CPU
		{819599D5-2698-4BA9-9D21-13F67B1982B3}.Debug|x64.Build.0 = Debug|Any CPU
		{819599D5-2698-4BA9-9D21-13F67B1982B3}.Debug|x86.ActiveCfg = Debug|Any CPU
		{819599D5-2698-4BA9-9D21-13F67B1982B3}.Debug|x86.Build.0 = Debug|Any CPU
		{819599D5-2698-4BA9-9D21-13F67B1982B3}.Release|Any CPU.ActiveCfg = Release|Any CPU
		{819599D5-2698-4BA9-9D21-13F67B1982B3}.Release|Any CPU.Build.0 = Release|Any CPU
		{819599D5-2698-4BA9-9D21-13F67B1982B3}.Release|x64.ActiveCfg = Release|Any CPU
		{819599D5-2698-4BA9-9D21-13F67B1982B3}.Release|x64.Build.0 = Release|Any CPU
		{819599D5-2698-4BA9-9D21-13F67B1982B3}.Release|x86.ActiveCfg = Release|Any CPU
		{819599D5-2698-4BA9-9D21-13F67B1982B3}.Release|x86.Build.0 = Release|Any CPU
		{6E6658E7-BED7-4385-A487-9C38E3287705}.Debug|Any CPU.ActiveCfg = Debug|Any CPU
		{6E6658E7-BED7-4385-A487-9C38E3287705}.Debug|Any CPU.Build.0 = Debug|Any CPU
		{6E6658E7-BED7-4385-A487-9C38E3287705}.Debug|x64.ActiveCfg = Debug|Any CPU
		{6E6658E7-BED7-4385-A487-9C38E3287705}.Debug|x64.Build.0 = Debug|Any CPU
		{6E6658E7-BED7-4385-A487-9C38E3287705}.Debug|x86.ActiveCfg = Debug|Any CPU
		{6E6658E7-BED7-4385-A487-9C38E3287705}.Debug|x86.Build.0 = Debug|Any CPU
		{6E6658E7-BED7-4385-A487-9C38E3287705}.Release|Any CPU.ActiveCfg = Release|Any CPU
		{6E6658E7-BED7-4385-A487-9C38E3287705}.Release|Any CPU.Build.0 = Release|Any CPU
		{6E6658E7-BED7-4385-A487-9C38E3287705}.Release|x64.ActiveCfg = Release|Any CPU
		{6E6658E7-BED7-4385-A487-9C38E3287705}.Release|x64.Build.0 = Release|Any CPU
		{6E6658E7-BED7-4385-A487-9C38E3287705}.Release|x86.ActiveCfg = Release|Any CPU
		{6E6658E7-BED7-4385-A487-9C38E3287705}.Release|x86.Build.0 = Release|Any CPU
	EndGlobalSection
	GlobalSection(SolutionProperties) = preSolution
		HideSolutionNode = FALSE
	EndGlobalSection
	GlobalSection(NestedProjects) = preSolution
		{C8E42992-5E42-0C2B-DBFE-AA848D06431C} = {827E0CD3-B72D-47B6-A68D-7590B98EB39B}
		{DE2A30FF-2DC4-4FF9-9417-9B56F1F3E22C} = {C8E42992-5E42-0C2B-DBFE-AA848D06431C}
		{160C389A-4E0F-4B66-9BE6-E77F68E26A4B} = {C8E42992-5E42-0C2B-DBFE-AA848D06431C}
		{6306A8FB-679E-111F-6585-8F70E0EE6013} = {827E0CD3-B72D-47B6-A68D-7590B98EB39B}
		{9FA71776-F02E-459A-8D72-EA5147C47CCE} = {6306A8FB-679E-111F-6585-8F70E0EE6013}
		{984BB9B3-3FA3-BE33-9484-CAC21695A33C} = {827E0CD3-B72D-47B6-A68D-7590B98EB39B}
		{1BFC9479-12BF-35C3-06B8-42D89D95092B} = {984BB9B3-3FA3-BE33-9484-CAC21695A33C}
		{6CEBFABA-7BC5-4D78-8F18-E110E490C305} = {1BFC9479-12BF-35C3-06B8-42D89D95092B}
		{93357EAB-D653-4E8C-87B7-ACBEB2083A00} = {1BFC9479-12BF-35C3-06B8-42D89D95092B}
		{2B29AAA8-D8F1-4551-8D72-FB832A65CE43} = {1BFC9479-12BF-35C3-06B8-42D89D95092B}
		{C56B22FE-5967-4B29-88F9-18C903843BF7} = {1BFC9479-12BF-35C3-06B8-42D89D95092B}
		{220A36DB-0241-451F-214F-E569CFE5EBFB} = {984BB9B3-3FA3-BE33-9484-CAC21695A33C}
		{D3D783E2-B3FA-4ADE-B281-5AB30DD42BE4} = {220A36DB-0241-451F-214F-E569CFE5EBFB}
		{FAD9B640-DAF5-4C92-97DC-C1D6E76ECAC1} = {220A36DB-0241-451F-214F-E569CFE5EBFB}
		{07D0D96A-DEA9-4DA0-A5FC-A4659A7D8B54} = {220A36DB-0241-451F-214F-E569CFE5EBFB}
		{E0145C3B-C05B-487A-A8B9-7AA503601A28} = {220A36DB-0241-451F-214F-E569CFE5EBFB}
		{21915E04-A8E4-FF6D-4912-6310767301B1} = {984BB9B3-3FA3-BE33-9484-CAC21695A33C}
		{161B697C-2010-4EF8-91E1-1423BCBF4691} = {21915E04-A8E4-FF6D-4912-6310767301B1}
		{C3E87DF9-2BDB-497F-B1DA-43D389629835} = {21915E04-A8E4-FF6D-4912-6310767301B1}
		{D63350DE-2841-4EEA-813A-AFCFBF264C36} = {21915E04-A8E4-FF6D-4912-6310767301B1}
		{EB2EB6BF-FA94-45FA-973F-F44B364A8723} = {21915E04-A8E4-FF6D-4912-6310767301B1}
		{834B1A13-1502-6299-750F-2E7C13F7BE68} = {984BB9B3-3FA3-BE33-9484-CAC21695A33C}
		{0C61CA38-39E8-484F-B7B2-4E99A021E5AE} = {834B1A13-1502-6299-750F-2E7C13F7BE68}
		{4353066B-F410-E540-F593-55E469B78A5F} = {0AB3BF05-4346-4AA6-1389-037BE0695223}
		{66BB64B5-78AA-A264-1B79-3FC42D2485EB} = {4353066B-F410-E540-F593-55E469B78A5F}
		{08A54282-0298-4501-B0E4-9DBF4D1B5414} = {66BB64B5-78AA-A264-1B79-3FC42D2485EB}
		{F8DC1AF5-FC4C-6358-9BAD-D286438E8E81} = {4353066B-F410-E540-F593-55E469B78A5F}
		{D4F51517-FB13-4C17-BED5-AA8133DDCDB3} = {F8DC1AF5-FC4C-6358-9BAD-D286438E8E81}
		{34B63A2B-95F5-FF17-5D1D-F46552E1DB20} = {4353066B-F410-E540-F593-55E469B78A5F}
		{819599D5-2698-4BA9-9D21-13F67B1982B3} = {34B63A2B-95F5-FF17-5D1D-F46552E1DB20}
		{150BB309-D39B-8047-DB26-0D18531A3B6F} = {4353066B-F410-E540-F593-55E469B78A5F}
		{6E6658E7-BED7-4385-A487-9C38E3287705} = {150BB309-D39B-8047-DB26-0D18531A3B6F}
	EndGlobalSection
EndGlobal
